
Microsoft Visual Studio Solution File, Format Version 12.00
# Visual Studio Version 17
VisualStudioVersion = 17.9.34607.119
MinimumVisualStudioVersion = 10.0.40219.1
Project("{FAE04EC0-301F-11D3-BF4B-00C04F79EFBC}") = "week 2 lesson 8 exercises nr.4", "week 2 lesson 8 exercises nr.4\week 2 lesson 8 exercises nr.4.csproj", "{E9F0D9CB-2A5D-4F32-9255-961B20F66364}"
EndProject
Global
	GlobalSection(SolutionConfigurationPlatforms) = preSolution
		Debug|Any CPU = Debug|Any CPU
		Release|Any CPU = Release|Any CPU
	EndGlobalSection
	GlobalSection(ProjectConfigurationPlatforms) = postSolution
		{E9F0D9CB-2A5D-4F32-9255-961B20F66364}.Debug|Any CPU.ActiveCfg = Debug|Any CPU
		{E9F0D9CB-2A5D-4F32-9255-961B20F66364}.Debug|Any CPU.Build.0 = Debug|Any CPU
		{E9F0D9CB-2A5D-4F32-9255-961B20F66364}.Release|Any CPU.ActiveCfg = Release|Any CPU
		{E9F0D9CB-2A5D-4F32-9255-961B20F66364}.Release|Any CPU.Build.0 = Release|Any CPU
	EndGlobalSection
	GlobalSection(SolutionProperties) = preSolution
		HideSolutionNode = FALSE
	EndGlobalSection
	GlobalSection(ExtensibilityGlobals) = postSolution
		SolutionGuid = {71982EBE-3DDC-43BD-9EF7-C4F1E6FD2ADD}
	EndGlobalSection
EndGlobal
